// !$*UTF8*$!
{
	archiveVersion = 1;
	classes = {
	};
	objectVersion = 50;
	objects = {

/* Begin PBXBuildFile section */
		AEA7471924CA756900E4B8E1 /* XWAppKit_Swift.framework in Frameworks */ = {isa = PBXBuildFile; fileRef = AEA7470F24CA756900E4B8E1 /* XWAppKit_Swift.framework */; };
		AEA7471E24CA756900E4B8E1 /* XWAppKit_SwiftTests.swift in Sources */ = {isa = PBXBuildFile; fileRef = AEA7471D24CA756900E4B8E1 /* XWAppKit_SwiftTests.swift */; };
		AEA7472024CA756900E4B8E1 /* XWAppKit_Swift.h in Headers */ = {isa = PBXBuildFile; fileRef = AEA7471224CA756900E4B8E1 /* XWAppKit_Swift.h */; settings = {ATTRIBUTES = (Public, ); }; };
		AEA7472D24CA790B00E4B8E1 /* XWAKSwitchButton.swift in Sources */ = {isa = PBXBuildFile; fileRef = AEA7472C24CA790B00E4B8E1 /* XWAKSwitchButton.swift */; };
		AEA7473524CA90FD00E4B8E1 /* AppDelegate.swift in Sources */ = {isa = PBXBuildFile; fileRef = AEA7473424CA90FD00E4B8E1 /* AppDelegate.swift */; };
		AEA7473724CA90FD00E4B8E1 /* SceneDelegate.swift in Sources */ = {isa = PBXBuildFile; fileRef = AEA7473624CA90FD00E4B8E1 /* SceneDelegate.swift */; };
		AEA7473924CA90FD00E4B8E1 /* ViewController.swift in Sources */ = {isa = PBXBuildFile; fileRef = AEA7473824CA90FD00E4B8E1 /* ViewController.swift */; };
		AEA7473C24CA90FD00E4B8E1 /* Main.storyboard in Resources */ = {isa = PBXBuildFile; fileRef = AEA7473A24CA90FD00E4B8E1 /* Main.storyboard */; };
		AEA7473E24CA910100E4B8E1 /* Assets.xcassets in Resources */ = {isa = PBXBuildFile; fileRef = AEA7473D24CA910100E4B8E1 /* Assets.xcassets */; };
		AEA7474124CA910100E4B8E1 /* LaunchScreen.storyboard in Resources */ = {isa = PBXBuildFile; fileRef = AEA7473F24CA910100E4B8E1 /* LaunchScreen.storyboard */; };
		AEA7474724CA942400E4B8E1 /* XWAppKitSwitchViewController.swift in Sources */ = {isa = PBXBuildFile; fileRef = AEA7474624CA942400E4B8E1 /* XWAppKitSwitchViewController.swift */; };
		AEA7474924CA943C00E4B8E1 /* XWAppKit_Swift.framework in Frameworks */ = {isa = PBXBuildFile; fileRef = AEA7470F24CA756900E4B8E1 /* XWAppKit_Swift.framework */; };
		AEA7474A24CA943C00E4B8E1 /* XWAppKit_Swift.framework in Embed Frameworks */ = {isa = PBXBuildFile; fileRef = AEA7470F24CA756900E4B8E1 /* XWAppKit_Swift.framework */; settings = {ATTRIBUTES = (CodeSignOnCopy, RemoveHeadersOnCopy, ); }; };
		AEA7475224CABE7D00E4B8E1 /* XWAKKeychain.swift in Sources */ = {isa = PBXBuildFile; fileRef = AEA7475124CABE7D00E4B8E1 /* XWAKKeychain.swift */; };
		AEA7475824CABEB700E4B8E1 /* XWASSwitchButtonTests.swift in Sources */ = {isa = PBXBuildFile; fileRef = AEA7475724CABEB700E4B8E1 /* XWASSwitchButtonTests.swift */; };
		AEA7475A24CAC53400E4B8E1 /* XWASKeychainTests.swift in Sources */ = {isa = PBXBuildFile; fileRef = AEA7475924CAC53400E4B8E1 /* XWASKeychainTests.swift */; };
		AEA7475D24CAC9BF00E4B8E1 /* DictionaryExtension.swift in Sources */ = {isa = PBXBuildFile; fileRef = AEA7475C24CAC9BF00E4B8E1 /* DictionaryExtension.swift */; };
		AEA7475F24CACBF700E4B8E1 /* StringExtension.swift in Sources */ = {isa = PBXBuildFile; fileRef = AEA7475E24CACBF700E4B8E1 /* StringExtension.swift */; };
		AEA7476224CACDDF00E4B8E1 /* XWAKStringExtensionTests.swift in Sources */ = {isa = PBXBuildFile; fileRef = AEA7476124CACDDF00E4B8E1 /* XWAKStringExtensionTests.swift */; };
		AEA7476424CACDFB00E4B8E1 /* XWAKDictionaryEntensionTests.swift in Sources */ = {isa = PBXBuildFile; fileRef = AEA7476324CACDFB00E4B8E1 /* XWAKDictionaryEntensionTests.swift */; };
		AEA7476624CAD33100E4B8E1 /* UIColorExtension.swift in Sources */ = {isa = PBXBuildFile; fileRef = AEA7476524CAD33100E4B8E1 /* UIColorExtension.swift */; };
		AEA7476824CAE0E700E4B8E1 /* XWAKHud.swift in Sources */ = {isa = PBXBuildFile; fileRef = AEA7476724CAE0E700E4B8E1 /* XWAKHud.swift */; };
		AEA7476A24CAE15100E4B8E1 /* XWAKAlert.swift in Sources */ = {isa = PBXBuildFile; fileRef = AEA7476924CAE15100E4B8E1 /* XWAKAlert.swift */; };
		AEA7476C24CAE66400E4B8E1 /* WindowExtension.swift in Sources */ = {isa = PBXBuildFile; fileRef = AEA7476B24CAE66400E4B8E1 /* WindowExtension.swift */; };
		AEA7476E24CAF0F300E4B8E1 /* XWAKAlertViewController.swift in Sources */ = {isa = PBXBuildFile; fileRef = AEA7476D24CAF0F300E4B8E1 /* XWAKAlertViewController.swift */; };
		AEA7477024CE7B8700E4B8E1 /* XWAKHudViewController.swift in Sources */ = {isa = PBXBuildFile; fileRef = AEA7476F24CE7B8700E4B8E1 /* XWAKHudViewController.swift */; };
		AEA7477224CEB2BF00E4B8E1 /* XWAKToast.swift in Sources */ = {isa = PBXBuildFile; fileRef = AEA7477124CEB2BF00E4B8E1 /* XWAKToast.swift */; };
		AEA7477424CEBC1F00E4B8E1 /* XWAKToastViewController.swift in Sources */ = {isa = PBXBuildFile; fileRef = AEA7477324CEBC1F00E4B8E1 /* XWAKToastViewController.swift */; };
		AEA7477824CED11000E4B8E1 /* XWAKDesign.swift in Sources */ = {isa = PBXBuildFile; fileRef = AEA7477724CED11000E4B8E1 /* XWAKDesign.swift */; };
		AEA7477B24CED2F800E4B8E1 /* XWAKColorTests.swift in Sources */ = {isa = PBXBuildFile; fileRef = AEA7477A24CED2F800E4B8E1 /* XWAKColorTests.swift */; };
		AEA7477E24CFC26700E4B8E1 /* XWAKLoginViewController.swift in Sources */ = {isa = PBXBuildFile; fileRef = AEA7477D24CFC26700E4B8E1 /* XWAKLoginViewController.swift */; };
		AEA7478024CFC34A00E4B8E1 /* XWAKInputView.swift in Sources */ = {isa = PBXBuildFile; fileRef = AEA7477F24CFC34A00E4B8E1 /* XWAKInputView.swift */; };
		AEA7478224CFCC5400E4B8E1 /* XWAKLoginView.swift in Sources */ = {isa = PBXBuildFile; fileRef = AEA7478124CFCC5400E4B8E1 /* XWAKLoginView.swift */; };
		AEA7478424CFCE1000E4B8E1 /* XWAKLoginInputCell.swift in Sources */ = {isa = PBXBuildFile; fileRef = AEA7478324CFCE1000E4B8E1 /* XWAKLoginInputCell.swift */; };
		AEA7478924D1187C00E4B8E1 /* XWAKAntiDebug.h in Headers */ = {isa = PBXBuildFile; fileRef = AEA7478724D1187C00E4B8E1 /* XWAKAntiDebug.h */; };
		AEA7478A24D1187C00E4B8E1 /* XWAKAntiDebug.c in Sources */ = {isa = PBXBuildFile; fileRef = AEA7478824D1187C00E4B8E1 /* XWAKAntiDebug.c */; };
		AEA7479124D11E0600E4B8E1 /* XWAKAntiCrack.h in Headers */ = {isa = PBXBuildFile; fileRef = AEA7478F24D11E0600E4B8E1 /* XWAKAntiCrack.h */; };
		AEA7479224D11E0600E4B8E1 /* XWAKAntiCrack.m in Sources */ = {isa = PBXBuildFile; fileRef = AEA7479024D11E0600E4B8E1 /* XWAKAntiCrack.m */; };
		AEA7479924D2B4A700E4B8E1 /* XWAKIAPManager.swift in Sources */ = {isa = PBXBuildFile; fileRef = AEA7479824D2B4A700E4B8E1 /* XWAKIAPManager.swift */; };
		AEA7479D24D3B84B00E4B8E1 /* XWAKIAPVerify.swift in Sources */ = {isa = PBXBuildFile; fileRef = AEA7479C24D3B84B00E4B8E1 /* XWAKIAPVerify.swift */; };
		AEA7479F24D3EC2F00E4B8E1 /* XWAKIAPViewController.swift in Sources */ = {isa = PBXBuildFile; fileRef = AEA7479E24D3EC2F00E4B8E1 /* XWAKIAPViewController.swift */; };
		AEA747A124D41AA800E4B8E1 /* XWAKIAPResponDataListViewController.swift in Sources */ = {isa = PBXBuildFile; fileRef = AEA747A024D41AA800E4B8E1 /* XWAKIAPResponDataListViewController.swift */; };
		AEA747A424D7E38100E4B8E1 /* UITableViewExtension.swift in Sources */ = {isa = PBXBuildFile; fileRef = AEA747A324D7E38100E4B8E1 /* UITableViewExtension.swift */; };
		AEA747A724D7ED3800E4B8E1 /* XWAKTableViewExtensionViewController.swift in Sources */ = {isa = PBXBuildFile; fileRef = AEA747A624D7ED3800E4B8E1 /* XWAKTableViewExtensionViewController.swift */; };
		AEA747AB24D7FE4500E4B8E1 /* XWAKProfileItem.swift in Sources */ = {isa = PBXBuildFile; fileRef = AEA747AA24D7FE4500E4B8E1 /* XWAKProfileItem.swift */; };
		AEA747AD24D80AA500E4B8E1 /* XWAKProfileCell.swift in Sources */ = {isa = PBXBuildFile; fileRef = AEA747AC24D80AA500E4B8E1 /* XWAKProfileCell.swift */; };
		AEA747B224D8133800E4B8E1 /* XWAKNetwork.swift in Sources */ = {isa = PBXBuildFile; fileRef = AEA747B124D8133800E4B8E1 /* XWAKNetwork.swift */; };
/* End PBXBuildFile section */

/* Begin PBXContainerItemProxy section */
		AEA7471A24CA756900E4B8E1 /* PBXContainerItemProxy */ = {
			isa = PBXContainerItemProxy;
			containerPortal = AEA7470624CA756900E4B8E1 /* Project object */;
			proxyType = 1;
			remoteGlobalIDString = AEA7470E24CA756900E4B8E1;
			remoteInfo = XWAppKit_Swift;
		};
		AEA7474B24CA943C00E4B8E1 /* PBXContainerItemProxy */ = {
			isa = PBXContainerItemProxy;
			containerPortal = AEA7470624CA756900E4B8E1 /* Project object */;
			proxyType = 1;
			remoteGlobalIDString = AEA7470E24CA756900E4B8E1;
			remoteInfo = XWAppKit_Swift;
		};
/* End PBXContainerItemProxy section */

/* Begin PBXCopyFilesBuildPhase section */
		AEA7474D24CA943C00E4B8E1 /* Embed Frameworks */ = {
			isa = PBXCopyFilesBuildPhase;
			buildActionMask = 2147483647;
			dstPath = "";
			dstSubfolderSpec = 10;
			files = (
				AEA7474A24CA943C00E4B8E1 /* XWAppKit_Swift.framework in Embed Frameworks */,
			);
			name = "Embed Frameworks";
			runOnlyForDeploymentPostprocessing = 0;
		};
/* End PBXCopyFilesBuildPhase section */

/* Begin PBXFileReference section */
		AEA7470F24CA756900E4B8E1 /* XWAppKit_Swift.framework */ = {isa = PBXFileReference; explicitFileType = wrapper.framework; includeInIndex = 0; path = XWAppKit_Swift.framework; sourceTree = BUILT_PRODUCTS_DIR; };
		AEA7471224CA756900E4B8E1 /* XWAppKit_Swift.h */ = {isa = PBXFileReference; lastKnownFileType = sourcecode.c.h; path = XWAppKit_Swift.h; sourceTree = "<group>"; };
		AEA7471324CA756900E4B8E1 /* Info.plist */ = {isa = PBXFileReference; lastKnownFileType = text.plist.xml; path = Info.plist; sourceTree = "<group>"; };
		AEA7471824CA756900E4B8E1 /* XWAppKit_SwiftTests.xctest */ = {isa = PBXFileReference; explicitFileType = wrapper.cfbundle; includeInIndex = 0; path = XWAppKit_SwiftTests.xctest; sourceTree = BUILT_PRODUCTS_DIR; };
		AEA7471D24CA756900E4B8E1 /* XWAppKit_SwiftTests.swift */ = {isa = PBXFileReference; lastKnownFileType = sourcecode.swift; path = XWAppKit_SwiftTests.swift; sourceTree = "<group>"; };
		AEA7471F24CA756900E4B8E1 /* Info.plist */ = {isa = PBXFileReference; lastKnownFileType = text.plist.xml; path = Info.plist; sourceTree = "<group>"; };
		AEA7472C24CA790B00E4B8E1 /* XWAKSwitchButton.swift */ = {isa = PBXFileReference; lastKnownFileType = sourcecode.swift; path = XWAKSwitchButton.swift; sourceTree = "<group>"; };
		AEA7473224CA90FD00E4B8E1 /* XWAppKitDemo.app */ = {isa = PBXFileReference; explicitFileType = wrapper.application; includeInIndex = 0; path = XWAppKitDemo.app; sourceTree = BUILT_PRODUCTS_DIR; };
		AEA7473424CA90FD00E4B8E1 /* AppDelegate.swift */ = {isa = PBXFileReference; lastKnownFileType = sourcecode.swift; path = AppDelegate.swift; sourceTree = "<group>"; };
		AEA7473624CA90FD00E4B8E1 /* SceneDelegate.swift */ = {isa = PBXFileReference; lastKnownFileType = sourcecode.swift; path = SceneDelegate.swift; sourceTree = "<group>"; };
		AEA7473824CA90FD00E4B8E1 /* ViewController.swift */ = {isa = PBXFileReference; lastKnownFileType = sourcecode.swift; path = ViewController.swift; sourceTree = "<group>"; };
		AEA7473B24CA90FD00E4B8E1 /* Base */ = {isa = PBXFileReference; lastKnownFileType = file.storyboard; name = Base; path = Base.lproj/Main.storyboard; sourceTree = "<group>"; };
		AEA7473D24CA910100E4B8E1 /* Assets.xcassets */ = {isa = PBXFileReference; lastKnownFileType = folder.assetcatalog; path = Assets.xcassets; sourceTree = "<group>"; };
		AEA7474024CA910100E4B8E1 /* Base */ = {isa = PBXFileReference; lastKnownFileType = file.storyboard; name = Base; path = Base.lproj/LaunchScreen.storyboard; sourceTree = "<group>"; };
		AEA7474224CA910100E4B8E1 /* Info.plist */ = {isa = PBXFileReference; lastKnownFileType = text.plist.xml; path = Info.plist; sourceTree = "<group>"; };
		AEA7474624CA942400E4B8E1 /* XWAppKitSwitchViewController.swift */ = {isa = PBXFileReference; lastKnownFileType = sourcecode.swift; path = XWAppKitSwitchViewController.swift; sourceTree = "<group>"; };
		AEA7475124CABE7D00E4B8E1 /* XWAKKeychain.swift */ = {isa = PBXFileReference; lastKnownFileType = sourcecode.swift; path = XWAKKeychain.swift; sourceTree = "<group>"; };
		AEA7475724CABEB700E4B8E1 /* XWASSwitchButtonTests.swift */ = {isa = PBXFileReference; lastKnownFileType = sourcecode.swift; path = XWASSwitchButtonTests.swift; sourceTree = "<group>"; };
		AEA7475924CAC53400E4B8E1 /* XWASKeychainTests.swift */ = {isa = PBXFileReference; lastKnownFileType = sourcecode.swift; path = XWASKeychainTests.swift; sourceTree = "<group>"; };
		AEA7475C24CAC9BF00E4B8E1 /* DictionaryExtension.swift */ = {isa = PBXFileReference; lastKnownFileType = sourcecode.swift; path = DictionaryExtension.swift; sourceTree = "<group>"; };
		AEA7475E24CACBF700E4B8E1 /* StringExtension.swift */ = {isa = PBXFileReference; lastKnownFileType = sourcecode.swift; path = StringExtension.swift; sourceTree = "<group>"; };
		AEA7476124CACDDF00E4B8E1 /* XWAKStringExtensionTests.swift */ = {isa = PBXFileReference; lastKnownFileType = sourcecode.swift; path = XWAKStringExtensionTests.swift; sourceTree = "<group>"; };
		AEA7476324CACDFB00E4B8E1 /* XWAKDictionaryEntensionTests.swift */ = {isa = PBXFileReference; lastKnownFileType = sourcecode.swift; path = XWAKDictionaryEntensionTests.swift; sourceTree = "<group>"; };
		AEA7476524CAD33100E4B8E1 /* UIColorExtension.swift */ = {isa = PBXFileReference; lastKnownFileType = sourcecode.swift; path = UIColorExtension.swift; sourceTree = "<group>"; };
		AEA7476724CAE0E700E4B8E1 /* XWAKHud.swift */ = {isa = PBXFileReference; lastKnownFileType = sourcecode.swift; path = XWAKHud.swift; sourceTree = "<group>"; };
		AEA7476924CAE15100E4B8E1 /* XWAKAlert.swift */ = {isa = PBXFileReference; lastKnownFileType = sourcecode.swift; path = XWAKAlert.swift; sourceTree = "<group>"; };
		AEA7476B24CAE66400E4B8E1 /* WindowExtension.swift */ = {isa = PBXFileReference; lastKnownFileType = sourcecode.swift; path = WindowExtension.swift; sourceTree = "<group>"; };
		AEA7476D24CAF0F300E4B8E1 /* XWAKAlertViewController.swift */ = {isa = PBXFileReference; lastKnownFileType = sourcecode.swift; path = XWAKAlertViewController.swift; sourceTree = "<group>"; };
		AEA7476F24CE7B8700E4B8E1 /* XWAKHudViewController.swift */ = {isa = PBXFileReference; lastKnownFileType = sourcecode.swift; path = XWAKHudViewController.swift; sourceTree = "<group>"; };
		AEA7477124CEB2BF00E4B8E1 /* XWAKToast.swift */ = {isa = PBXFileReference; lastKnownFileType = sourcecode.swift; path = XWAKToast.swift; sourceTree = "<group>"; };
		AEA7477324CEBC1F00E4B8E1 /* XWAKToastViewController.swift */ = {isa = PBXFileReference; lastKnownFileType = sourcecode.swift; path = XWAKToastViewController.swift; sourceTree = "<group>"; };
		AEA7477724CED11000E4B8E1 /* XWAKDesign.swift */ = {isa = PBXFileReference; lastKnownFileType = sourcecode.swift; path = XWAKDesign.swift; sourceTree = "<group>"; };
		AEA7477A24CED2F800E4B8E1 /* XWAKColorTests.swift */ = {isa = PBXFileReference; lastKnownFileType = sourcecode.swift; path = XWAKColorTests.swift; sourceTree = "<group>"; };
		AEA7477D24CFC26700E4B8E1 /* XWAKLoginViewController.swift */ = {isa = PBXFileReference; lastKnownFileType = sourcecode.swift; path = XWAKLoginViewController.swift; sourceTree = "<group>"; };
		AEA7477F24CFC34A00E4B8E1 /* XWAKInputView.swift */ = {isa = PBXFileReference; lastKnownFileType = sourcecode.swift; path = XWAKInputView.swift; sourceTree = "<group>"; };
		AEA7478124CFCC5400E4B8E1 /* XWAKLoginView.swift */ = {isa = PBXFileReference; lastKnownFileType = sourcecode.swift; path = XWAKLoginView.swift; sourceTree = "<group>"; };
		AEA7478324CFCE1000E4B8E1 /* XWAKLoginInputCell.swift */ = {isa = PBXFileReference; lastKnownFileType = sourcecode.swift; path = XWAKLoginInputCell.swift; sourceTree = "<group>"; };
		AEA7478724D1187C00E4B8E1 /* XWAKAntiDebug.h */ = {isa = PBXFileReference; lastKnownFileType = sourcecode.c.h; path = XWAKAntiDebug.h; sourceTree = "<group>"; };
		AEA7478824D1187C00E4B8E1 /* XWAKAntiDebug.c */ = {isa = PBXFileReference; lastKnownFileType = sourcecode.c.c; path = XWAKAntiDebug.c; sourceTree = "<group>"; };
		AEA7478F24D11E0600E4B8E1 /* XWAKAntiCrack.h */ = {isa = PBXFileReference; lastKnownFileType = sourcecode.c.h; path = XWAKAntiCrack.h; sourceTree = "<group>"; };
		AEA7479024D11E0600E4B8E1 /* XWAKAntiCrack.m */ = {isa = PBXFileReference; lastKnownFileType = sourcecode.c.objc; path = XWAKAntiCrack.m; sourceTree = "<group>"; };
		AEA7479824D2B4A700E4B8E1 /* XWAKIAPManager.swift */ = {isa = PBXFileReference; lastKnownFileType = sourcecode.swift; path = XWAKIAPManager.swift; sourceTree = "<group>"; };
		AEA7479C24D3B84B00E4B8E1 /* XWAKIAPVerify.swift */ = {isa = PBXFileReference; lastKnownFileType = sourcecode.swift; path = XWAKIAPVerify.swift; sourceTree = "<group>"; };
		AEA7479E24D3EC2F00E4B8E1 /* XWAKIAPViewController.swift */ = {isa = PBXFileReference; lastKnownFileType = sourcecode.swift; path = XWAKIAPViewController.swift; sourceTree = "<group>"; };
		AEA747A024D41AA800E4B8E1 /* XWAKIAPResponDataListViewController.swift */ = {isa = PBXFileReference; lastKnownFileType = sourcecode.swift; path = XWAKIAPResponDataListViewController.swift; sourceTree = "<group>"; };
		AEA747A324D7E38100E4B8E1 /* UITableViewExtension.swift */ = {isa = PBXFileReference; lastKnownFileType = sourcecode.swift; path = UITableViewExtension.swift; sourceTree = "<group>"; };
		AEA747A624D7ED3800E4B8E1 /* XWAKTableViewExtensionViewController.swift */ = {isa = PBXFileReference; lastKnownFileType = sourcecode.swift; path = XWAKTableViewExtensionViewController.swift; sourceTree = "<group>"; };
		AEA747AA24D7FE4500E4B8E1 /* XWAKProfileItem.swift */ = {isa = PBXFileReference; lastKnownFileType = sourcecode.swift; path = XWAKProfileItem.swift; sourceTree = "<group>"; };
		AEA747AC24D80AA500E4B8E1 /* XWAKProfileCell.swift */ = {isa = PBXFileReference; lastKnownFileType = sourcecode.swift; path = XWAKProfileCell.swift; sourceTree = "<group>"; };
		AEA747B124D8133800E4B8E1 /* XWAKNetwork.swift */ = {isa = PBXFileReference; lastKnownFileType = sourcecode.swift; path = XWAKNetwork.swift; sourceTree = "<group>"; };
/* End PBXFileReference section */

/* Begin PBXFrameworksBuildPhase section */
		AEA7470C24CA756900E4B8E1 /* Frameworks */ = {
			isa = PBXFrameworksBuildPhase;
			buildActionMask = 2147483647;
			files = (
			);
			runOnlyForDeploymentPostprocessing = 0;
		};
		AEA7471524CA756900E4B8E1 /* Frameworks */ = {
			isa = PBXFrameworksBuildPhase;
			buildActionMask = 2147483647;
			files = (
				AEA7471924CA756900E4B8E1 /* XWAppKit_Swift.framework in Frameworks */,
			);
			runOnlyForDeploymentPostprocessing = 0;
		};
		AEA7472F24CA90FD00E4B8E1 /* Frameworks */ = {
			isa = PBXFrameworksBuildPhase;
			buildActionMask = 2147483647;
			files = (
				AEA7474924CA943C00E4B8E1 /* XWAppKit_Swift.framework in Frameworks */,
			);
			runOnlyForDeploymentPostprocessing = 0;
		};
/* End PBXFrameworksBuildPhase section */

/* Begin PBXGroup section */
		AEA7470524CA756900E4B8E1 = {
			isa = PBXGroup;
			children = (
				AEA7471124CA756900E4B8E1 /* XWAppKit_Swift */,
				AEA7471C24CA756900E4B8E1 /* XWAppKit_SwiftTests */,
				AEA7473324CA90FD00E4B8E1 /* XWAppKitDemo */,
				AEA7471024CA756900E4B8E1 /* Products */,
				AEA7474824CA943C00E4B8E1 /* Frameworks */,
			);
			sourceTree = "<group>";
		};
		AEA7471024CA756900E4B8E1 /* Products */ = {
			isa = PBXGroup;
			children = (
				AEA7470F24CA756900E4B8E1 /* XWAppKit_Swift.framework */,
				AEA7471824CA756900E4B8E1 /* XWAppKit_SwiftTests.xctest */,
				AEA7473224CA90FD00E4B8E1 /* XWAppKitDemo.app */,
			);
			name = Products;
			sourceTree = "<group>";
		};
		AEA7471124CA756900E4B8E1 /* XWAppKit_Swift */ = {
			isa = PBXGroup;
			children = (
				AEA747AE24D80B0200E4B8E1 /* Network */,
				AEA747A924D7FE3600E4B8E1 /* Profile */,
				AEA7479724D2B48E00E4B8E1 /* IAP */,
				AEA7478624D1186900E4B8E1 /* AntiDebug */,
				AEA7477624CED0EA00E4B8E1 /* Design */,
				AEA7475B24CAC93200E4B8E1 /* Extension */,
				AEA7472924CA785100E4B8E1 /* UI */,
				AEA7471224CA756900E4B8E1 /* XWAppKit_Swift.h */,
				AEA7471324CA756900E4B8E1 /* Info.plist */,
			);
			path = XWAppKit_Swift;
			sourceTree = "<group>";
		};
		AEA7471C24CA756900E4B8E1 /* XWAppKit_SwiftTests */ = {
			isa = PBXGroup;
			children = (
				AEA7477924CED2DB00E4B8E1 /* Design */,
				AEA7476024CACDC800E4B8E1 /* Extension */,
				AEA7475324CABE8600E4B8E1 /* UI */,
				AEA7471D24CA756900E4B8E1 /* XWAppKit_SwiftTests.swift */,
				AEA7471F24CA756900E4B8E1 /* Info.plist */,
			);
			path = XWAppKit_SwiftTests;
			sourceTree = "<group>";
		};
		AEA7472924CA785100E4B8E1 /* UI */ = {
			isa = PBXGroup;
			children = (
				AEA7477C24CFC23B00E4B8E1 /* ViewController */,
				AEA7475024CABD3200E4B8E1 /* Tools */,
				AEA7472B24CA78E900E4B8E1 /* View */,
			);
			path = UI;
			sourceTree = "<group>";
		};
		AEA7472B24CA78E900E4B8E1 /* View */ = {
			isa = PBXGroup;
			children = (
				AEA7476724CAE0E700E4B8E1 /* XWAKHud.swift */,
				AEA7476924CAE15100E4B8E1 /* XWAKAlert.swift */,
				AEA7477124CEB2BF00E4B8E1 /* XWAKToast.swift */,
				AEA7472C24CA790B00E4B8E1 /* XWAKSwitchButton.swift */,
			);
			path = View;
			sourceTree = "<group>";
		};
		AEA7473324CA90FD00E4B8E1 /* XWAppKitDemo */ = {
			isa = PBXGroup;
			children = (
				AEA747B024D8123D00E4B8E1 /* Network */,
				AEA747AF24D8123700E4B8E1 /* Profile */,
				AEA747A824D7EF5800E4B8E1 /* IAP */,
				AEA747A524D7ED2700E4B8E1 /* Extension */,
				AEA7474E24CAB23100E4B8E1 /* UI */,
				AEA7473424CA90FD00E4B8E1 /* AppDelegate.swift */,
				AEA7473624CA90FD00E4B8E1 /* SceneDelegate.swift */,
				AEA7473824CA90FD00E4B8E1 /* ViewController.swift */,
				AEA7473A24CA90FD00E4B8E1 /* Main.storyboard */,
				AEA7473D24CA910100E4B8E1 /* Assets.xcassets */,
				AEA7473F24CA910100E4B8E1 /* LaunchScreen.storyboard */,
				AEA7474224CA910100E4B8E1 /* Info.plist */,
			);
			path = XWAppKitDemo;
			sourceTree = "<group>";
		};
		AEA7474824CA943C00E4B8E1 /* Frameworks */ = {
			isa = PBXGroup;
			children = (
			);
			name = Frameworks;
			sourceTree = "<group>";
		};
		AEA7474E24CAB23100E4B8E1 /* UI */ = {
			isa = PBXGroup;
			children = (
				AEA7474F24CAB23600E4B8E1 /* View */,
			);
			path = UI;
			sourceTree = "<group>";
		};
		AEA7474F24CAB23600E4B8E1 /* View */ = {
			isa = PBXGroup;
			children = (
				AEA7474624CA942400E4B8E1 /* XWAppKitSwitchViewController.swift */,
				AEA7476D24CAF0F300E4B8E1 /* XWAKAlertViewController.swift */,
				AEA7476F24CE7B8700E4B8E1 /* XWAKHudViewController.swift */,
				AEA7477324CEBC1F00E4B8E1 /* XWAKToastViewController.swift */,
			);
			path = View;
			sourceTree = "<group>";
		};
		AEA7475024CABD3200E4B8E1 /* Tools */ = {
			isa = PBXGroup;
			children = (
				AEA7475124CABE7D00E4B8E1 /* XWAKKeychain.swift */,
			);
			path = Tools;
			sourceTree = "<group>";
		};
		AEA7475324CABE8600E4B8E1 /* UI */ = {
			isa = PBXGroup;
			children = (
				AEA7475624CABE9C00E4B8E1 /* Tools */,
				AEA7475524CABE9800E4B8E1 /* View */,
			);
			path = UI;
			sourceTree = "<group>";
		};
		AEA7475524CABE9800E4B8E1 /* View */ = {
			isa = PBXGroup;
			children = (
				AEA7475724CABEB700E4B8E1 /* XWASSwitchButtonTests.swift */,
			);
			path = View;
			sourceTree = "<group>";
		};
		AEA7475624CABE9C00E4B8E1 /* Tools */ = {
			isa = PBXGroup;
			children = (
				AEA7475924CAC53400E4B8E1 /* XWASKeychainTests.swift */,
			);
			path = Tools;
			sourceTree = "<group>";
		};
		AEA7475B24CAC93200E4B8E1 /* Extension */ = {
			isa = PBXGroup;
			children = (
				AEA7475C24CAC9BF00E4B8E1 /* DictionaryExtension.swift */,
				AEA7475E24CACBF700E4B8E1 /* StringExtension.swift */,
				AEA7476524CAD33100E4B8E1 /* UIColorExtension.swift */,
				AEA7476B24CAE66400E4B8E1 /* WindowExtension.swift */,
				AEA747A324D7E38100E4B8E1 /* UITableViewExtension.swift */,
			);
			path = Extension;
			sourceTree = "<group>";
		};
		AEA7476024CACDC800E4B8E1 /* Extension */ = {
			isa = PBXGroup;
			children = (
				AEA7476324CACDFB00E4B8E1 /* XWAKDictionaryEntensionTests.swift */,
				AEA7476124CACDDF00E4B8E1 /* XWAKStringExtensionTests.swift */,
			);
			path = Extension;
			sourceTree = "<group>";
		};
		AEA7477624CED0EA00E4B8E1 /* Design */ = {
			isa = PBXGroup;
			children = (
				AEA7477724CED11000E4B8E1 /* XWAKDesign.swift */,
			);
			path = Design;
			sourceTree = "<group>";
		};
		AEA7477924CED2DB00E4B8E1 /* Design */ = {
			isa = PBXGroup;
			children = (
				AEA7477A24CED2F800E4B8E1 /* XWAKColorTests.swift */,
			);
			path = Design;
			sourceTree = "<group>";
		};
		AEA7477C24CFC23B00E4B8E1 /* ViewController */ = {
			isa = PBXGroup;
			children = (
				AEA7477D24CFC26700E4B8E1 /* XWAKLoginViewController.swift */,
				AEA7478324CFCE1000E4B8E1 /* XWAKLoginInputCell.swift */,
				AEA7477F24CFC34A00E4B8E1 /* XWAKInputView.swift */,
				AEA7478124CFCC5400E4B8E1 /* XWAKLoginView.swift */,
			);
			path = ViewController;
			sourceTree = "<group>";
		};
		AEA7478624D1186900E4B8E1 /* AntiDebug */ = {
			isa = PBXGroup;
			children = (
				AEA7478724D1187C00E4B8E1 /* XWAKAntiDebug.h */,
				AEA7478824D1187C00E4B8E1 /* XWAKAntiDebug.c */,
				AEA7478F24D11E0600E4B8E1 /* XWAKAntiCrack.h */,
				AEA7479024D11E0600E4B8E1 /* XWAKAntiCrack.m */,
			);
			path = AntiDebug;
			sourceTree = "<group>";
		};
		AEA7479724D2B48E00E4B8E1 /* IAP */ = {
			isa = PBXGroup;
			children = (
				AEA7479824D2B4A700E4B8E1 /* XWAKIAPManager.swift */,
				AEA7479C24D3B84B00E4B8E1 /* XWAKIAPVerify.swift */,
				AEA747A024D41AA800E4B8E1 /* XWAKIAPResponDataListViewController.swift */,
			);
			path = IAP;
			sourceTree = "<group>";
		};
		AEA747A524D7ED2700E4B8E1 /* Extension */ = {
			isa = PBXGroup;
			children = (
				AEA747A624D7ED3800E4B8E1 /* XWAKTableViewExtensionViewController.swift */,
			);
			path = Extension;
			sourceTree = "<group>";
		};
		AEA747A824D7EF5800E4B8E1 /* IAP */ = {
			isa = PBXGroup;
			children = (
				AEA7479E24D3EC2F00E4B8E1 /* XWAKIAPViewController.swift */,
			);
			path = IAP;
			sourceTree = "<group>";
		};
		AEA747A924D7FE3600E4B8E1 /* Profile */ = {
			isa = PBXGroup;
			children = (
				AEA747AA24D7FE4500E4B8E1 /* XWAKProfileItem.swift */,
				AEA747AC24D80AA500E4B8E1 /* XWAKProfileCell.swift */,
			);
			path = Profile;
			sourceTree = "<group>";
		};
		AEA747AE24D80B0200E4B8E1 /* Network */ = {
			isa = PBXGroup;
			children = (
				AEA747B124D8133800E4B8E1 /* XWAKNetwork.swift */,
			);
			path = Network;
			sourceTree = "<group>";
		};
		AEA747AF24D8123700E4B8E1 /* Profile */ = {
			isa = PBXGroup;
			children = (
			);
			path = Profile;
			sourceTree = "<group>";
		};
		AEA747B024D8123D00E4B8E1 /* Network */ = {
			isa = PBXGroup;
			children = (
			);
			path = Network;
			sourceTree = "<group>";
		};
/* End PBXGroup section */

/* Begin PBXHeadersBuildPhase section */
		AEA7470A24CA756900E4B8E1 /* Headers */ = {
			isa = PBXHeadersBuildPhase;
			buildActionMask = 2147483647;
			files = (
				AEA7479124D11E0600E4B8E1 /* XWAKAntiCrack.h in Headers */,
				AEA7472024CA756900E4B8E1 /* XWAppKit_Swift.h in Headers */,
				AEA7478924D1187C00E4B8E1 /* XWAKAntiDebug.h in Headers */,
			);
			runOnlyForDeploymentPostprocessing = 0;
		};
/* End PBXHeadersBuildPhase section */

/* Begin PBXNativeTarget section */
		AEA7470E24CA756900E4B8E1 /* XWAppKit_Swift */ = {
			isa = PBXNativeTarget;
			buildConfigurationList = AEA7472324CA756900E4B8E1 /* Build configuration list for PBXNativeTarget "XWAppKit_Swift" */;
			buildPhases = (
				AEA7470A24CA756900E4B8E1 /* Headers */,
				AEA7470B24CA756900E4B8E1 /* Sources */,
				AEA7470C24CA756900E4B8E1 /* Frameworks */,
				AEA7470D24CA756900E4B8E1 /* Resources */,
			);
			buildRules = (
			);
			dependencies = (
			);
			name = XWAppKit_Swift;
			productName = XWAppKit_Swift;
			productReference = AEA7470F24CA756900E4B8E1 /* XWAppKit_Swift.framework */;
			productType = "com.apple.product-type.framework";
		};
		AEA7471724CA756900E4B8E1 /* XWAppKit_SwiftTests */ = {
			isa = PBXNativeTarget;
			buildConfigurationList = AEA7472624CA756900E4B8E1 /* Build configuration list for PBXNativeTarget "XWAppKit_SwiftTests" */;
			buildPhases = (
				AEA7471424CA756900E4B8E1 /* Sources */,
				AEA7471524CA756900E4B8E1 /* Frameworks */,
				AEA7471624CA756900E4B8E1 /* Resources */,
			);
			buildRules = (
			);
			dependencies = (
				AEA7471B24CA756900E4B8E1 /* PBXTargetDependency */,
			);
			name = XWAppKit_SwiftTests;
			productName = XWAppKit_SwiftTests;
			productReference = AEA7471824CA756900E4B8E1 /* XWAppKit_SwiftTests.xctest */;
			productType = "com.apple.product-type.bundle.unit-test";
		};
		AEA7473124CA90FD00E4B8E1 /* XWAppKitDemo */ = {
			isa = PBXNativeTarget;
			buildConfigurationList = AEA7474324CA910100E4B8E1 /* Build configuration list for PBXNativeTarget "XWAppKitDemo" */;
			buildPhases = (
				AEA7472E24CA90FD00E4B8E1 /* Sources */,
				AEA7472F24CA90FD00E4B8E1 /* Frameworks */,
				AEA7473024CA90FD00E4B8E1 /* Resources */,
				AEA7474D24CA943C00E4B8E1 /* Embed Frameworks */,
			);
			buildRules = (
			);
			dependencies = (
				AEA7474C24CA943C00E4B8E1 /* PBXTargetDependency */,
			);
			name = XWAppKitDemo;
			productName = XWAppKitDemo;
			productReference = AEA7473224CA90FD00E4B8E1 /* XWAppKitDemo.app */;
			productType = "com.apple.product-type.application";
		};
/* End PBXNativeTarget section */

/* Begin PBXProject section */
		AEA7470624CA756900E4B8E1 /* Project object */ = {
			isa = PBXProject;
			attributes = {
				CLASSPREFIX = XWAK;
				LastSwiftUpdateCheck = 1150;
				LastUpgradeCheck = 1150;
				ORGANIZATIONNAME = ZhuanagXiaowei;
				TargetAttributes = {
					AEA7470E24CA756900E4B8E1 = {
						CreatedOnToolsVersion = 11.5;
						LastSwiftMigration = 1150;
					};
					AEA7471724CA756900E4B8E1 = {
						CreatedOnToolsVersion = 11.5;
					};
					AEA7473124CA90FD00E4B8E1 = {
						CreatedOnToolsVersion = 11.5;
					};
				};
			};
			buildConfigurationList = AEA7470924CA756900E4B8E1 /* Build configuration list for PBXProject "XWAppKit_Swift" */;
			compatibilityVersion = "Xcode 9.3";
			developmentRegion = en;
			hasScannedForEncodings = 0;
			knownRegions = (
				en,
				Base,
			);
			mainGroup = AEA7470524CA756900E4B8E1;
			productRefGroup = AEA7471024CA756900E4B8E1 /* Products */;
			projectDirPath = "";
			projectRoot = "";
			targets = (
				AEA7470E24CA756900E4B8E1 /* XWAppKit_Swift */,
				AEA7471724CA756900E4B8E1 /* XWAppKit_SwiftTests */,
				AEA7473124CA90FD00E4B8E1 /* XWAppKitDemo */,
			);
		};
/* End PBXProject section */

/* Begin PBXResourcesBuildPhase section */
		AEA7470D24CA756900E4B8E1 /* Resources */ = {
			isa = PBXResourcesBuildPhase;
			buildActionMask = 2147483647;
			files = (
			);
			runOnlyForDeploymentPostprocessing = 0;
		};
		AEA7471624CA756900E4B8E1 /* Resources */ = {
			isa = PBXResourcesBuildPhase;
			buildActionMask = 2147483647;
			files = (
			);
			runOnlyForDeploymentPostprocessing = 0;
		};
		AEA7473024CA90FD00E4B8E1 /* Resources */ = {
			isa = PBXResourcesBuildPhase;
			buildActionMask = 2147483647;
			files = (
				AEA7474124CA910100E4B8E1 /* LaunchScreen.storyboard in Resources */,
				AEA7473E24CA910100E4B8E1 /* Assets.xcassets in Resources */,
				AEA7473C24CA90FD00E4B8E1 /* Main.storyboard in Resources */,
			);
			runOnlyForDeploymentPostprocessing = 0;
		};
/* End PBXResourcesBuildPhase section */

/* Begin PBXSourcesBuildPhase section */
		AEA7470B24CA756900E4B8E1 /* Sources */ = {
			isa = PBXSourcesBuildPhase;
			buildActionMask = 2147483647;
			files = (
				AEA7478024CFC34A00E4B8E1 /* XWAKInputView.swift in Sources */,
				AEA7475F24CACBF700E4B8E1 /* StringExtension.swift in Sources */,
				AEA7475D24CAC9BF00E4B8E1 /* DictionaryExtension.swift in Sources */,
				AEA7479924D2B4A700E4B8E1 /* XWAKIAPManager.swift in Sources */,
				AEA7476624CAD33100E4B8E1 /* UIColorExtension.swift in Sources */,
				AEA7475224CABE7D00E4B8E1 /* XWAKKeychain.swift in Sources */,
				AEA7478A24D1187C00E4B8E1 /* XWAKAntiDebug.c in Sources */,
				AEA7478424CFCE1000E4B8E1 /* XWAKLoginInputCell.swift in Sources */,
				AEA747B224D8133800E4B8E1 /* XWAKNetwork.swift in Sources */,
				AEA7478224CFCC5400E4B8E1 /* XWAKLoginView.swift in Sources */,
				AEA7476824CAE0E700E4B8E1 /* XWAKHud.swift in Sources */,
				AEA7476C24CAE66400E4B8E1 /* WindowExtension.swift in Sources */,
				AEA747AB24D7FE4500E4B8E1 /* XWAKProfileItem.swift in Sources */,
				AEA747A424D7E38100E4B8E1 /* UITableViewExtension.swift in Sources */,
				AEA7477E24CFC26700E4B8E1 /* XWAKLoginViewController.swift in Sources */,
				AEA7479224D11E0600E4B8E1 /* XWAKAntiCrack.m in Sources */,
				AEA7477824CED11000E4B8E1 /* XWAKDesign.swift in Sources */,
				AEA7472D24CA790B00E4B8E1 /* XWAKSwitchButton.swift in Sources */,
				AEA7477224CEB2BF00E4B8E1 /* XWAKToast.swift in Sources */,
				AEA747A124D41AA800E4B8E1 /* XWAKIAPResponDataListViewController.swift in Sources */,
				AEA7479D24D3B84B00E4B8E1 /* XWAKIAPVerify.swift in Sources */,
				AEA747AD24D80AA500E4B8E1 /* XWAKProfileCell.swift in Sources */,
				AEA7476A24CAE15100E4B8E1 /* XWAKAlert.swift in Sources */,
			);
			runOnlyForDeploymentPostprocessing = 0;
		};
		AEA7471424CA756900E4B8E1 /* Sources */ = {
			isa = PBXSourcesBuildPhase;
			buildActionMask = 2147483647;
			files = (
				AEA7476424CACDFB00E4B8E1 /* XWAKDictionaryEntensionTests.swift in Sources */,
				AEA7475824CABEB700E4B8E1 /* XWASSwitchButtonTests.swift in Sources */,
				AEA7471E24CA756900E4B8E1 /* XWAppKit_SwiftTests.swift in Sources */,
				AEA7475A24CAC53400E4B8E1 /* XWASKeychainTests.swift in Sources */,
				AEA7477B24CED2F800E4B8E1 /* XWAKColorTests.swift in Sources */,
				AEA7476224CACDDF00E4B8E1 /* XWAKStringExtensionTests.swift in Sources */,
			);
			runOnlyForDeploymentPostprocessing = 0;
		};
		AEA7472E24CA90FD00E4B8E1 /* Sources */ = {
			isa = PBXSourcesBuildPhase;
			buildActionMask = 2147483647;
			files = (
				AEA7473924CA90FD00E4B8E1 /* ViewController.swift in Sources */,
				AEA7473524CA90FD00E4B8E1 /* AppDelegate.swift in Sources */,
				AEA7479F24D3EC2F00E4B8E1 /* XWAKIAPViewController.swift in Sources */,
				AEA7476E24CAF0F300E4B8E1 /* XWAKAlertViewController.swift in Sources */,
				AEA7474724CA942400E4B8E1 /* XWAppKitSwitchViewController.swift in Sources */,
				AEA7473724CA90FD00E4B8E1 /* SceneDelegate.swift in Sources */,
				AEA747A724D7ED3800E4B8E1 /* XWAKTableViewExtensionViewController.swift in Sources */,
				AEA7477024CE7B8700E4B8E1 /* XWAKHudViewController.swift in Sources */,
				AEA7477424CEBC1F00E4B8E1 /* XWAKToastViewController.swift in Sources */,
			);
			runOnlyForDeploymentPostprocessing = 0;
		};
/* End PBXSourcesBuildPhase section */

/* Begin PBXTargetDependency section */
		AEA7471B24CA756900E4B8E1 /* PBXTargetDependency */ = {
			isa = PBXTargetDependency;
			target = AEA7470E24CA756900E4B8E1 /* XWAppKit_Swift */;
			targetProxy = AEA7471A24CA756900E4B8E1 /* PBXContainerItemProxy */;
		};
		AEA7474C24CA943C00E4B8E1 /* PBXTargetDependency */ = {
			isa = PBXTargetDependency;
			target = AEA7470E24CA756900E4B8E1 /* XWAppKit_Swift */;
			targetProxy = AEA7474B24CA943C00E4B8E1 /* PBXContainerItemProxy */;
		};
/* End PBXTargetDependency section */

/* Begin PBXVariantGroup section */
		AEA7473A24CA90FD00E4B8E1 /* Main.storyboard */ = {
			isa = PBXVariantGroup;
			children = (
				AEA7473B24CA90FD00E4B8E1 /* Base */,
			);
			name = Main.storyboard;
			sourceTree = "<group>";
		};
		AEA7473F24CA910100E4B8E1 /* LaunchScreen.storyboard */ = {
			isa = PBXVariantGroup;
			children = (
				AEA7474024CA910100E4B8E1 /* Base */,
			);
			name = LaunchScreen.storyboard;
			sourceTree = "<group>";
		};
/* End PBXVariantGroup section */

/* Begin XCBuildConfiguration section */
		AEA7472124CA756900E4B8E1 /* Debug */ = {
			isa = XCBuildConfiguration;
			buildSettings = {
				ALWAYS_SEARCH_USER_PATHS = NO;
				CLANG_ANALYZER_NONNULL = YES;
				CLANG_ANALYZER_NUMBER_OBJECT_CONVERSION = YES_AGGRESSIVE;
				CLANG_CXX_LANGUAGE_STANDARD = "gnu++14";
				CLANG_CXX_LIBRARY = "libc++";
				CLANG_ENABLE_MODULES = YES;
				CLANG_ENABLE_OBJC_ARC = YES;
				CLANG_ENABLE_OBJC_WEAK = YES;
				CLANG_WARN_BLOCK_CAPTURE_AUTORELEASING = YES;
				CLANG_WARN_BOOL_CONVERSION = YES;
				CLANG_WARN_COMMA = YES;
				CLANG_WARN_CONSTANT_CONVERSION = YES;
				CLANG_WARN_DEPRECATED_OBJC_IMPLEMENTATIONS = YES;
				CLANG_WARN_DIRECT_OBJC_ISA_USAGE = YES_ERROR;
				CLANG_WARN_DOCUMENTATION_COMMENTS = YES;
				CLANG_WARN_EMPTY_BODY = YES;
				CLANG_WARN_ENUM_CONVERSION = YES;
				CLANG_WARN_INFINITE_RECURSION = YES;
				CLANG_WARN_INT_CONVERSION = YES;
				CLANG_WARN_NON_LITERAL_NULL_CONVERSION = YES;
				CLANG_WARN_OBJC_IMPLICIT_RETAIN_SELF = YES;
				CLANG_WARN_OBJC_LITERAL_CONVERSION = YES;
				CLANG_WARN_OBJC_ROOT_CLASS = YES_ERROR;
				CLANG_WARN_RANGE_LOOP_ANALYSIS = YES;
				CLANG_WARN_STRICT_PROTOTYPES = YES;
				CLANG_WARN_SUSPICIOUS_MOVE = YES;
				CLANG_WARN_UNGUARDED_AVAILABILITY = YES_AGGRESSIVE;
				CLANG_WARN_UNREACHABLE_CODE = YES;
				CLANG_WARN__DUPLICATE_METHOD_MATCH = YES;
				COPY_PHASE_STRIP = NO;
				CURRENT_PROJECT_VERSION = 1;
				DEBUG_INFORMATION_FORMAT = dwarf;
				ENABLE_STRICT_OBJC_MSGSEND = YES;
				ENABLE_TESTABILITY = YES;
				GCC_C_LANGUAGE_STANDARD = gnu11;
				GCC_DYNAMIC_NO_PIC = NO;
				GCC_NO_COMMON_BLOCKS = YES;
				GCC_OPTIMIZATION_LEVEL = 0;
				GCC_PREPROCESSOR_DEFINITIONS = (
					"DEBUG=1",
					"$(inherited)",
				);
				GCC_WARN_64_TO_32_BIT_CONVERSION = YES;
				GCC_WARN_ABOUT_RETURN_TYPE = YES_ERROR;
				GCC_WARN_UNDECLARED_SELECTOR = YES;
				GCC_WARN_UNINITIALIZED_AUTOS = YES_AGGRESSIVE;
				GCC_WARN_UNUSED_FUNCTION = YES;
				GCC_WARN_UNUSED_VARIABLE = YES;
				IPHONEOS_DEPLOYMENT_TARGET = 13.5;
				MTL_ENABLE_DEBUG_INFO = INCLUDE_SOURCE;
				MTL_FAST_MATH = YES;
				ONLY_ACTIVE_ARCH = YES;
				SDKROOT = iphoneos;
				SWIFT_ACTIVE_COMPILATION_CONDITIONS = DEBUG;
				SWIFT_OPTIMIZATION_LEVEL = "-Onone";
				VERSIONING_SYSTEM = "apple-generic";
				VERSION_INFO_PREFIX = "";
			};
			name = Debug;
		};
		AEA7472224CA756900E4B8E1 /* Release */ = {
			isa = XCBuildConfiguration;
			buildSettings = {
				ALWAYS_SEARCH_USER_PATHS = NO;
				CLANG_ANALYZER_NONNULL = YES;
				CLANG_ANALYZER_NUMBER_OBJECT_CONVERSION = YES_AGGRESSIVE;
				CLANG_CXX_LANGUAGE_STANDARD = "gnu++14";
				CLANG_CXX_LIBRARY = "libc++";
				CLANG_ENABLE_MODULES = YES;
				CLANG_ENABLE_OBJC_ARC = YES;
				CLANG_ENABLE_OBJC_WEAK = YES;
				CLANG_WARN_BLOCK_CAPTURE_AUTORELEASING = YES;
				CLANG_WARN_BOOL_CONVERSION = YES;
				CLANG_WARN_COMMA = YES;
				CLANG_WARN_CONSTANT_CONVERSION = YES;
				CLANG_WARN_DEPRECATED_OBJC_IMPLEMENTATIONS = YES;
				CLANG_WARN_DIRECT_OBJC_ISA_USAGE = YES_ERROR;
				CLANG_WARN_DOCUMENTATION_COMMENTS = YES;
				CLANG_WARN_EMPTY_BODY = YES;
				CLANG_WARN_ENUM_CONVERSION = YES;
				CLANG_WARN_INFINITE_RECURSION = YES;
				CLANG_WARN_INT_CONVERSION = YES;
				CLANG_WARN_NON_LITERAL_NULL_CONVERSION = YES;
				CLANG_WARN_OBJC_IMPLICIT_RETAIN_SELF = YES;
				CLANG_WARN_OBJC_LITERAL_CONVERSION = YES;
				CLANG_WARN_OBJC_ROOT_CLASS = YES_ERROR;
				CLANG_WARN_RANGE_LOOP_ANALYSIS = YES;
				CLANG_WARN_STRICT_PROTOTYPES = YES;
				CLANG_WARN_SUSPICIOUS_MOVE = YES;
				CLANG_WARN_UNGUARDED_AVAILABILITY = YES_AGGRESSIVE;
				CLANG_WARN_UNREACHABLE_CODE = YES;
				CLANG_WARN__DUPLICATE_METHOD_MATCH = YES;
				COPY_PHASE_STRIP = NO;
				CURRENT_PROJECT_VERSION = 1;
				DEBUG_INFORMATION_FORMAT = "dwarf-with-dsym";
				ENABLE_NS_ASSERTIONS = NO;
				ENABLE_STRICT_OBJC_MSGSEND = YES;
				GCC_C_LANGUAGE_STANDARD = gnu11;
				GCC_NO_COMMON_BLOCKS = YES;
				GCC_WARN_64_TO_32_BIT_CONVERSION = YES;
				GCC_WARN_ABOUT_RETURN_TYPE = YES_ERROR;
				GCC_WARN_UNDECLARED_SELECTOR = YES;
				GCC_WARN_UNINITIALIZED_AUTOS = YES_AGGRESSIVE;
				GCC_WARN_UNUSED_FUNCTION = YES;
				GCC_WARN_UNUSED_VARIABLE = YES;
				IPHONEOS_DEPLOYMENT_TARGET = 13.5;
				MTL_ENABLE_DEBUG_INFO = NO;
				MTL_FAST_MATH = YES;
				SDKROOT = iphoneos;
				SWIFT_COMPILATION_MODE = wholemodule;
				SWIFT_OPTIMIZATION_LEVEL = "-O";
				VALIDATE_PRODUCT = YES;
				VERSIONING_SYSTEM = "apple-generic";
				VERSION_INFO_PREFIX = "";
			};
			name = Release;
		};
		AEA7472424CA756900E4B8E1 /* Debug */ = {
			isa = XCBuildConfiguration;
			buildSettings = {
				CLANG_ENABLE_MODULES = YES;
				CODE_SIGN_STYLE = Automatic;
				DEFINES_MODULE = YES;
				DEVELOPMENT_TEAM = ZC726AK722;
				DYLIB_COMPATIBILITY_VERSION = 1;
				DYLIB_CURRENT_VERSION = 1;
				DYLIB_INSTALL_NAME_BASE = "@rpath";
				INFOPLIST_FILE = XWAppKit_Swift/Info.plist;
				INSTALL_PATH = "$(LOCAL_LIBRARY_DIR)/Frameworks";
				LD_RUNPATH_SEARCH_PATHS = (
					"$(inherited)",
					"@executable_path/Frameworks",
					"@loader_path/Frameworks",
				);
				OTHER_CFLAGS = "";
				PRODUCT_BUNDLE_IDENTIFIER = "com.indie.XWAppKit-Swift";
				PRODUCT_NAME = "$(TARGET_NAME:c99extidentifier)";
				SKIP_INSTALL = YES;
				SWIFT_OPTIMIZATION_LEVEL = "-Onone";
				SWIFT_VERSION = 5.0;
				TARGETED_DEVICE_FAMILY = "1,2";
			};
			name = Debug;
		};
		AEA7472524CA756900E4B8E1 /* Release */ = {
			isa = XCBuildConfiguration;
			buildSettings = {
				CLANG_ENABLE_MODULES = YES;
				CODE_SIGN_STYLE = Automatic;
				DEFINES_MODULE = YES;
				DEVELOPMENT_TEAM = ZC726AK722;
				DYLIB_COMPATIBILITY_VERSION = 1;
				DYLIB_CURRENT_VERSION = 1;
				DYLIB_INSTALL_NAME_BASE = "@rpath";
				INFOPLIST_FILE = XWAppKit_Swift/Info.plist;
				INSTALL_PATH = "$(LOCAL_LIBRARY_DIR)/Frameworks";
				LD_RUNPATH_SEARCH_PATHS = (
					"$(inherited)",
					"@executable_path/Frameworks",
					"@loader_path/Frameworks",
				);
				OTHER_CFLAGS = "";
				PRODUCT_BUNDLE_IDENTIFIER = "com.indie.XWAppKit-Swift";
				PRODUCT_NAME = "$(TARGET_NAME:c99extidentifier)";
				SKIP_INSTALL = YES;
				SWIFT_VERSION = 5.0;
				TARGETED_DEVICE_FAMILY = "1,2";
			};
			name = Release;
		};
		AEA7472724CA756900E4B8E1 /* Debug */ = {
			isa = XCBuildConfiguration;
			buildSettings = {
				ALWAYS_EMBED_SWIFT_STANDARD_LIBRARIES = YES;
				CODE_SIGN_STYLE = Automatic;
				DEVELOPMENT_TEAM = ZC726AK722;
				INFOPLIST_FILE = XWAppKit_SwiftTests/Info.plist;
				LD_RUNPATH_SEARCH_PATHS = (
					"$(inherited)",
					"@executable_path/Frameworks",
					"@loader_path/Frameworks",
				);
				OTHER_CFLAGS = "";
				OTHER_LDFLAGS = "-Wl,-sectcreate,__RESTRICT,__restrict,/dev/null";
				PRODUCT_BUNDLE_IDENTIFIER = "com.indie.XWAppKit-SwiftTests";
				PRODUCT_NAME = "$(TARGET_NAME)";
				SWIFT_VERSION = 5.0;
				TARGETED_DEVICE_FAMILY = "1,2";
			};
			name = Debug;
		};
		AEA7472824CA756900E4B8E1 /* Release */ = {
			isa = XCBuildConfiguration;
			buildSettings = {
				ALWAYS_EMBED_SWIFT_STANDARD_LIBRARIES = YES;
				CODE_SIGN_STYLE = Automatic;
				DEVELOPMENT_TEAM = ZC726AK722;
				INFOPLIST_FILE = XWAppKit_SwiftTests/Info.plist;
				LD_RUNPATH_SEARCH_PATHS = (
					"$(inherited)",
					"@executable_path/Frameworks",
					"@loader_path/Frameworks",
				);
				OTHER_CFLAGS = "";
				OTHER_LDFLAGS = "-Wl,-sectcreate,__RESTRICT,__restrict,/dev/null";
				PRODUCT_BUNDLE_IDENTIFIER = "com.indie.XWAppKit-SwiftTests";
				PRODUCT_NAME = "$(TARGET_NAME)";
				SWIFT_VERSION = 5.0;
				TARGETED_DEVICE_FAMILY = "1,2";
			};
			name = Release;
		};
		AEA7474424CA910100E4B8E1 /* Debug */ = {
			isa = XCBuildConfiguration;
			buildSettings = {
				ASSETCATALOG_COMPILER_APPICON_NAME = AppIcon;
				CODE_SIGN_STYLE = Automatic;
				DEVELOPMENT_TEAM = ZC726AK722;
				INFOPLIST_FILE = XWAppKitDemo/Info.plist;
				LD_RUNPATH_SEARCH_PATHS = (
					"$(inherited)",
					"@executable_path/Frameworks",
				);
				PRODUCT_BUNDLE_IDENTIFIER = com.indie.XWAppKitDemo;
				PRODUCT_NAME = "$(TARGET_NAME)";
				SWIFT_VERSION = 5.0;
				TARGETED_DEVICE_FAMILY = "1,2";
			};
			name = Debug;
		};
		AEA7474524CA910100E4B8E1 /* Release */ = {
			isa = XCBuildConfiguration;
			buildSettings = {
				ASSETCATALOG_COMPILER_APPICON_NAME = AppIcon;
				CODE_SIGN_STYLE = Automatic;
				DEVELOPMENT_TEAM = ZC726AK722;
				INFOPLIST_FILE = XWAppKitDemo/Info.plist;
				LD_RUNPATH_SEARCH_PATHS = (
					"$(inherited)",
					"@executable_path/Frameworks",
				);
				PRODUCT_BUNDLE_IDENTIFIER = com.indie.XWAppKitDemo;
				PRODUCT_NAME = "$(TARGET_NAME)";
				SWIFT_VERSION = 5.0;
				TARGETED_DEVICE_FAMILY = "1,2";
			};
			name = Release;
		};
		AEA7479324D2AA2700E4B8E1 /* TestCoverage */ = {
			isa = XCBuildConfiguration;
			buildSettings = {
				ALWAYS_SEARCH_USER_PATHS = NO;
				CLANG_ANALYZER_NONNULL = YES;
				CLANG_ANALYZER_NUMBER_OBJECT_CONVERSION = YES_AGGRESSIVE;
				CLANG_CXX_LANGUAGE_STANDARD = "gnu++14";
				CLANG_CXX_LIBRARY = "libc++";
				CLANG_ENABLE_MODULES = YES;
				CLANG_ENABLE_OBJC_ARC = YES;
				CLANG_ENABLE_OBJC_WEAK = YES;
				CLANG_WARN_BLOCK_CAPTURE_AUTORELEASING = YES;
				CLANG_WARN_BOOL_CONVERSION = YES;
				CLANG_WARN_COMMA = YES;
				CLANG_WARN_CONSTANT_CONVERSION = YES;
				CLANG_WARN_DEPRECATED_OBJC_IMPLEMENTATIONS = YES;
				CLANG_WARN_DIRECT_OBJC_ISA_USAGE = YES_ERROR;
				CLANG_WARN_DOCUMENTATION_COMMENTS = YES;
				CLANG_WARN_EMPTY_BODY = YES;
				CLANG_WARN_ENUM_CONVERSION = YES;
				CLANG_WARN_INFINITE_RECURSION = YES;
				CLANG_WARN_INT_CONVERSION = YES;
				CLANG_WARN_NON_LITERAL_NULL_CONVERSION = YES;
				CLANG_WARN_OBJC_IMPLICIT_RETAIN_SELF = YES;
				CLANG_WARN_OBJC_LITERAL_CONVERSION = YES;
				CLANG_WARN_OBJC_ROOT_CLASS = YES_ERROR;
				CLANG_WARN_RANGE_LOOP_ANALYSIS = YES;
				CLANG_WARN_STRICT_PROTOTYPES = YES;
				CLANG_WARN_SUSPICIOUS_MOVE = YES;
				CLANG_WARN_UNGUARDED_AVAILABILITY = YES_AGGRESSIVE;
				CLANG_WARN_UNREACHABLE_CODE = YES;
				CLANG_WARN__DUPLICATE_METHOD_MATCH = YES;
				COPY_PHASE_STRIP = NO;
				CURRENT_PROJECT_VERSION = 1;
				DEBUG_INFORMATION_FORMAT = dwarf;
				ENABLE_STRICT_OBJC_MSGSEND = YES;
				ENABLE_TESTABILITY = YES;
				GCC_C_LANGUAGE_STANDARD = gnu11;
				GCC_DYNAMIC_NO_PIC = NO;
				GCC_NO_COMMON_BLOCKS = YES;
				GCC_OPTIMIZATION_LEVEL = 0;
				GCC_PREPROCESSOR_DEFINITIONS = (
					"DEBUG=1",
					"$(inherited)",
				);
				GCC_WARN_64_TO_32_BIT_CONVERSION = YES;
				GCC_WARN_ABOUT_RETURN_TYPE = YES_ERROR;
				GCC_WARN_UNDECLARED_SELECTOR = YES;
				GCC_WARN_UNINITIALIZED_AUTOS = YES_AGGRESSIVE;
				GCC_WARN_UNUSED_FUNCTION = YES;
				GCC_WARN_UNUSED_VARIABLE = YES;
				IPHONEOS_DEPLOYMENT_TARGET = 13.5;
				MTL_ENABLE_DEBUG_INFO = INCLUDE_SOURCE;
				MTL_FAST_MATH = YES;
				ONLY_ACTIVE_ARCH = YES;
				SDKROOT = iphoneos;
				SWIFT_ACTIVE_COMPILATION_CONDITIONS = DEBUG;
				SWIFT_OPTIMIZATION_LEVEL = "-Onone";
				VERSIONING_SYSTEM = "apple-generic";
				VERSION_INFO_PREFIX = "";
			};
			name = TestCoverage;
		};
		AEA7479424D2AA2700E4B8E1 /* TestCoverage */ = {
			isa = XCBuildConfiguration;
			buildSettings = {
				CLANG_ENABLE_MODULES = YES;
				CODE_SIGN_STYLE = Automatic;
				DEFINES_MODULE = YES;
				DEVELOPMENT_TEAM = ZC726AK722;
				DYLIB_COMPATIBILITY_VERSION = 1;
				DYLIB_CURRENT_VERSION = 1;
				DYLIB_INSTALL_NAME_BASE = "@rpath";
				GCC_GENERATE_TEST_COVERAGE_FILES = YES;
				GCC_INSTRUMENT_PROGRAM_FLOW_ARCS = YES;
				INFOPLIST_FILE = XWAppKit_Swift/Info.plist;
				INSTALL_PATH = "$(LOCAL_LIBRARY_DIR)/Frameworks";
				LD_RUNPATH_SEARCH_PATHS = (
					"$(inherited)",
					"@executable_path/Frameworks",
					"@loader_path/Frameworks",
				);
				OTHER_CFLAGS = "";
				PRODUCT_BUNDLE_IDENTIFIER = "com.indie.XWAppKit-Swift";
				PRODUCT_NAME = "$(TARGET_NAME:c99extidentifier)";
				SKIP_INSTALL = YES;
				SWIFT_OPTIMIZATION_LEVEL = "-Onone";
				SWIFT_VERSION = 5.0;
				TARGETED_DEVICE_FAMILY = "1,2";
			};
			name = TestCoverage;
		};
		AEA7479524D2AA2700E4B8E1 /* TestCoverage */ = {
			isa = XCBuildConfiguration;
			buildSettings = {
				ALWAYS_EMBED_SWIFT_STANDARD_LIBRARIES = YES;
				CODE_SIGN_STYLE = Automatic;
				DEVELOPMENT_TEAM = ZC726AK722;
				INFOPLIST_FILE = XWAppKit_SwiftTests/Info.plist;
				LD_RUNPATH_SEARCH_PATHS = (
					"$(inherited)",
					"@executable_path/Frameworks",
					"@loader_path/Frameworks",
				);
				OTHER_CFLAGS = "";
				OTHER_LDFLAGS = "-Wl,-sectcreate,__RESTRICT,__restrict,/dev/null";
				PRODUCT_BUNDLE_IDENTIFIER = "com.indie.XWAppKit-SwiftTests";
				PRODUCT_NAME = "$(TARGET_NAME)";
				SWIFT_VERSION = 5.0;
				TARGETED_DEVICE_FAMILY = "1,2";
			};
			name = TestCoverage;
		};
		AEA7479624D2AA2700E4B8E1 /* TestCoverage */ = {
			isa = XCBuildConfiguration;
			buildSettings = {
				ASSETCATALOG_COMPILER_APPICON_NAME = AppIcon;
				CODE_SIGN_STYLE = Automatic;
				DEVELOPMENT_TEAM = ZC726AK722;
				INFOPLIST_FILE = XWAppKitDemo/Info.plist;
				LD_RUNPATH_SEARCH_PATHS = (
					"$(inherited)",
					"@executable_path/Frameworks",
				);
				PRODUCT_BUNDLE_IDENTIFIER = com.indie.XWAppKitDemo;
				PRODUCT_NAME = "$(TARGET_NAME)";
				SWIFT_VERSION = 5.0;
				TARGETED_DEVICE_FAMILY = "1,2";
			};
			name = TestCoverage;
		};
/* End XCBuildConfiguration section */

/* Begin XCConfigurationList section */
		AEA7470924CA756900E4B8E1 /* Build configuration list for PBXProject "XWAppKit_Swift" */ = {
			isa = XCConfigurationList;
			buildConfigurations = (
				AEA7472124CA756900E4B8E1 /* Debug */,
				AEA7479324D2AA2700E4B8E1 /* TestCoverage */,
				AEA7472224CA756900E4B8E1 /* Release */,
			);
			defaultConfigurationIsVisible = 0;
			defaultConfigurationName = Release;
		};
		AEA7472324CA756900E4B8E1 /* Build configuration list for PBXNativeTarget "XWAppKit_Swift" */ = {
			isa = XCConfigurationList;
			buildConfigurations = (
				AEA7472424CA756900E4B8E1 /* Debug */,
				AEA7479424D2AA2700E4B8E1 /* TestCoverage */,
				AEA7472524CA756900E4B8E1 /* Release */,
			);
			defaultConfigurationIsVisible = 0;
			defaultConfigurationName = Release;
		};
		AEA7472624CA756900E4B8E1 /* Build configuration list for PBXNativeTarget "XWAppKit_SwiftTests" */ = {
			isa = XCConfigurationList;
			buildConfigurations = (
				AEA7472724CA756900E4B8E1 /* Debug */,
				AEA7479524D2AA2700E4B8E1 /* TestCoverage */,
				AEA7472824CA756900E4B8E1 /* Release */,
			);
			defaultConfigurationIsVisible = 0;
			defaultConfigurationName = Release;
		};
		AEA7474324CA910100E4B8E1 /* Build configuration list for PBXNativeTarget "XWAppKitDemo" */ = {
			isa = XCConfigurationList;
			buildConfigurations = (
				AEA7474424CA910100E4B8E1 /* Debug */,
				AEA7479624D2AA2700E4B8E1 /* TestCoverage */,
				AEA7474524CA910100E4B8E1 /* Release */,
			);
			defaultConfigurationIsVisible = 0;
			defaultConfigurationName = Release;
		};
/* End XCConfigurationList section */
	};
	rootObject = AEA7470624CA756900E4B8E1 /* Project object */;
}
